
Microsoft Visual Studio Solution File, Format Version 11.00
# Visual Studio 2010
Project("{FAE04EC0-301F-11D3-BF4B-00C04F79EFBC}") = "Xevle.Core", "..\Xevle.Core\Xevle.Core.csproj", "{4D90F3D7-F459-4272-A2FB-7A6B6987EA2D}"
EndProject
Project("{2150E333-8FDC-42A3-9474-1A3956D46DE8}") = "Tests", "Tests", "{EB0CDBF3-FBE6-463E-983B-B50754B86105}"
EndProject
Project("{FAE04EC0-301F-11D3-BF4B-00C04F79EFBC}") = "Tests.Xevle.Maths", "..\Tests\Tests.Xevle.Maths\Tests.Xevle.Maths.csproj", "{DD34CF5D-32F2-4FD9-9D65-AF8E6FFEF6D2}"
EndProject
Project("{2150E333-8FDC-42A3-9474-1A3956D46DE8}") = "Examples", "Examples", "{CBEAE39A-2D69-4B17-8BC5-5C32768D4DFD}"
EndProject
Project("{FAE04EC0-301F-11D3-BF4B-00C04F79EFBC}") = "Examples.Xevle.Math", "..\Examples\Examples.Xevle.Math\Examples.Xevle.Math.csproj", "{CAA374A7-31CD-4784-B2E3-5416BE5F1B9E}"
EndProject
Project("{FAE04EC0-301F-11D3-BF4B-00C04F79EFBC}") = "Xevle.Imaging", "..\Xevle.Imaging\Xevle.Imaging.csproj", "{0C1AF5DE-07CC-432B-9BA1-471944DCED8F}"
EndProject
Project("{FAE04EC0-301F-11D3-BF4B-00C04F79EFBC}") = "Xevle.IO", "..\Xevle.IO\Xevle.IO.csproj", "{FF1643AA-E194-4145-8248-028ED9503EB4}"
EndProject
Project("{FAE04EC0-301F-11D3-BF4B-00C04F79EFBC}") = "Xevle.Maths", "..\Xevle.Maths\Xevle.Maths.csproj", "{69DDF62D-1B61-4B1E-8452-91436E0DAADB}"
EndProject
Project("{FAE04EC0-301F-11D3-BF4B-00C04F79EFBC}") = "Xevle.Database", "..\Xevle.Database\Xevle.Database.csproj", "{04CBA585-A188-407E-830B-F7429B6B2EF5}"
EndProject
Project("{FAE04EC0-301F-11D3-BF4B-00C04F79EFBC}") = "Xevle.FileFormats.TMX", "..\Xevle.FileFormats.TMX\Xevle.FileFormats.TMX.csproj", "{B361101E-0716-476F-855F-06B291A3F336}"
EndProject
Project("{FAE04EC0-301F-11D3-BF4B-00C04F79EFBC}") = "Xevle.Data", "..\Xevle.Data\Xevle.Data.csproj", "{CB1B852A-48EF-43D3-94A4-B0EE4EF82ABD}"
EndProject
Project("{FAE04EC0-301F-11D3-BF4B-00C04F79EFBC}") = "Xevle.Network", "..\Xevle.Network\Xevle.Network.csproj", "{1EB72339-B037-41AA-806E-FE2DC9050729}"
EndProject
Project("{FAE04EC0-301F-11D3-BF4B-00C04F79EFBC}") = "Xevle.Logging", "..\Xevle.Logging\Xevle.Logging.csproj", "{3A0F3FAE-5CF1-4292-9093-CF7A9B768793}"
EndProject
Global
	GlobalSection(SolutionConfigurationPlatforms) = preSolution
		Debug|Any CPU = Debug|Any CPU
		Release|Any CPU = Release|Any CPU
	EndGlobalSection
	GlobalSection(ProjectConfigurationPlatforms) = postSolution
		{04CBA585-A188-407E-830B-F7429B6B2EF5}.Debug|Any CPU.ActiveCfg = Debug|Any CPU
		{04CBA585-A188-407E-830B-F7429B6B2EF5}.Debug|Any CPU.Build.0 = Debug|Any CPU
		{04CBA585-A188-407E-830B-F7429B6B2EF5}.Release|Any CPU.ActiveCfg = Release|Any CPU
		{04CBA585-A188-407E-830B-F7429B6B2EF5}.Release|Any CPU.Build.0 = Release|Any CPU
		{0C1AF5DE-07CC-432B-9BA1-471944DCED8F}.Debug|Any CPU.ActiveCfg = Debug|Any CPU
		{0C1AF5DE-07CC-432B-9BA1-471944DCED8F}.Debug|Any CPU.Build.0 = Debug|Any CPU
		{0C1AF5DE-07CC-432B-9BA1-471944DCED8F}.Release|Any CPU.ActiveCfg = Release|Any CPU
		{0C1AF5DE-07CC-432B-9BA1-471944DCED8F}.Release|Any CPU.Build.0 = Release|Any CPU
		{1EB72339-B037-41AA-806E-FE2DC9050729}.Debug|Any CPU.ActiveCfg = Debug|Any CPU
		{1EB72339-B037-41AA-806E-FE2DC9050729}.Debug|Any CPU.Build.0 = Debug|Any CPU
		{1EB72339-B037-41AA-806E-FE2DC9050729}.Release|Any CPU.ActiveCfg = Release|Any CPU
		{1EB72339-B037-41AA-806E-FE2DC9050729}.Release|Any CPU.Build.0 = Release|Any CPU
		{4D90F3D7-F459-4272-A2FB-7A6B6987EA2D}.Debug|Any CPU.ActiveCfg = Debug|Any CPU
		{4D90F3D7-F459-4272-A2FB-7A6B6987EA2D}.Debug|Any CPU.Build.0 = Debug|Any CPU
		{4D90F3D7-F459-4272-A2FB-7A6B6987EA2D}.Release|Any CPU.ActiveCfg = Release|Any CPU
		{4D90F3D7-F459-4272-A2FB-7A6B6987EA2D}.Release|Any CPU.Build.0 = Release|Any CPU
		{69DDF62D-1B61-4B1E-8452-91436E0DAADB}.Debug|Any CPU.ActiveCfg = Debug|Any CPU
		{69DDF62D-1B61-4B1E-8452-91436E0DAADB}.Debug|Any CPU.Build.0 = Debug|Any CPU
		{69DDF62D-1B61-4B1E-8452-91436E0DAADB}.Release|Any CPU.ActiveCfg = Release|Any CPU
		{69DDF62D-1B61-4B1E-8452-91436E0DAADB}.Release|Any CPU.Build.0 = Release|Any CPU
		{B361101E-0716-476F-855F-06B291A3F336}.Debug|Any CPU.ActiveCfg = Debug|Any CPU
		{B361101E-0716-476F-855F-06B291A3F336}.Debug|Any CPU.Build.0 = Debug|Any CPU
		{B361101E-0716-476F-855F-06B291A3F336}.Release|Any CPU.ActiveCfg = Release|Any CPU
		{B361101E-0716-476F-855F-06B291A3F336}.Release|Any CPU.Build.0 = Release|Any CPU
		{CAA374A7-31CD-4784-B2E3-5416BE5F1B9E}.Debug|Any CPU.ActiveCfg = Debug|Any CPU
		{CAA374A7-31CD-4784-B2E3-5416BE5F1B9E}.Debug|Any CPU.Build.0 = Debug|Any CPU
		{CAA374A7-31CD-4784-B2E3-5416BE5F1B9E}.Release|Any CPU.ActiveCfg = Release|Any CPU
		{CAA374A7-31CD-4784-B2E3-5416BE5F1B9E}.Release|Any CPU.Build.0 = Release|Any CPU
		{CB1B852A-48EF-43D3-94A4-B0EE4EF82ABD}.Debug|Any CPU.ActiveCfg = Debug|Any CPU
		{CB1B852A-48EF-43D3-94A4-B0EE4EF82ABD}.Debug|Any CPU.Build.0 = Debug|Any CPU
		{CB1B852A-48EF-43D3-94A4-B0EE4EF82ABD}.Release|Any CPU.ActiveCfg = Release|Any CPU
		{CB1B852A-48EF-43D3-94A4-B0EE4EF82ABD}.Release|Any CPU.Build.0 = Release|Any CPU
		{DD34CF5D-32F2-4FD9-9D65-AF8E6FFEF6D2}.Debug|Any CPU.ActiveCfg = Debug|Any CPU
		{DD34CF5D-32F2-4FD9-9D65-AF8E6FFEF6D2}.Debug|Any CPU.Build.0 = Debug|Any CPU
		{DD34CF5D-32F2-4FD9-9D65-AF8E6FFEF6D2}.Release|Any CPU.ActiveCfg = Release|Any CPU
		{DD34CF5D-32F2-4FD9-9D65-AF8E6FFEF6D2}.Release|Any CPU.Build.0 = Release|Any CPU
		{FF1643AA-E194-4145-8248-028ED9503EB4}.Debug|Any CPU.ActiveCfg = Debug|Any CPU
		{FF1643AA-E194-4145-8248-028ED9503EB4}.Debug|Any CPU.Build.0 = Debug|Any CPU
		{FF1643AA-E194-4145-8248-028ED9503EB4}.Release|Any CPU.ActiveCfg = Release|Any CPU
		{FF1643AA-E194-4145-8248-028ED9503EB4}.Release|Any CPU.Build.0 = Release|Any CPU
		{3A0F3FAE-5CF1-4292-9093-CF7A9B768793}.Debug|Any CPU.ActiveCfg = Debug|Any CPU
		{3A0F3FAE-5CF1-4292-9093-CF7A9B768793}.Debug|Any CPU.Build.0 = Debug|Any CPU
		{3A0F3FAE-5CF1-4292-9093-CF7A9B768793}.Release|Any CPU.ActiveCfg = Release|Any CPU
		{3A0F3FAE-5CF1-4292-9093-CF7A9B768793}.Release|Any CPU.Build.0 = Release|Any CPU
	EndGlobalSection
	GlobalSection(NestedProjects) = preSolution
		{DD34CF5D-32F2-4FD9-9D65-AF8E6FFEF6D2} = {EB0CDBF3-FBE6-463E-983B-B50754B86105}
		{CAA374A7-31CD-4784-B2E3-5416BE5F1B9E} = {CBEAE39A-2D69-4B17-8BC5-5C32768D4DFD}
	EndGlobalSection
EndGlobal
